
Microsoft Visual Studio Solution File, Format Version 12.00
# Visual Studio Version 16
VisualStudioVersion = 16.0.29102.190
MinimumVisualStudioVersion = 10.0.40219.1
Project("{9A19103F-16F7-4668-BE54-9A1E7A4F7556}") = "Woof.Command", "Woof.Command.csproj", "{36AF58F0-8EB7-4CB7-AF19-6991704CB9B0}"
EndProject
Project("{FAE04EC0-301F-11D3-BF4B-00C04F79EFBC}") = "Woof.Command.Test", "Woof.Command.Test\Woof.Command.Test.csproj", "{B69CA595-A952-4051-ACC8-5A1FC47B528D}"
EndProject
Global
	GlobalSection(SolutionConfigurationPlatforms) = preSolution
		Debug|Any CPU = Debug|Any CPU
		Release|Any CPU = Release|Any CPU
	EndGlobalSection
	GlobalSection(ProjectConfigurationPlatforms) = postSolution
		{36AF58F0-8EB7-4CB7-AF19-6991704CB9B0}.Debug|Any CPU.ActiveCfg = Debug|Any CPU
		{36AF58F0-8EB7-4CB7-AF19-6991704CB9B0}.Debug|Any CPU.Build.0 = Debug|Any CPU
		{36AF58F0-8EB7-4CB7-AF19-6991704CB9B0}.Release|Any CPU.ActiveCfg = Release|Any CPU
		{36AF58F0-8EB7-4CB7-AF19-6991704CB9B0}.Release|Any CPU.Build.0 = Release|Any CPU
		{B69CA595-A952-4051-ACC8-5A1FC47B528D}.Debug|Any CPU.ActiveCfg = Debug|Any CPU
		{B69CA595-A952-4051-ACC8-5A1FC47B528D}.Debug|Any CPU.Build.0 = Debug|Any CPU
		{B69CA595-A952-4051-ACC8-5A1FC47B528D}.Release|Any CPU.ActiveCfg = Release|Any CPU
		{B69CA595-A952-4051-ACC8-5A1FC47B528D}.Release|Any CPU.Build.0 = Release|Any CPU
	EndGlobalSection
	GlobalSection(SolutionProperties) = preSolution
		HideSolutionNode = FALSE
	EndGlobalSection
	GlobalSection(ExtensibilityGlobals) = postSolution
		SolutionGuid = {CE047A11-FAB6-4DC8-AD41-B66B99442ECD}
	EndGlobalSection
EndGlobal
